# THIS IS AN AUTOGENERATED FILE. DO NOT EDIT THIS FILE DIRECTLY.
# yarn lockfile v1


react-idle-timer@^5.5.3:
  version "5.5.3"
  resolved "https://registry.yarnpkg.com/react-idle-timer/-/react-idle-timer-5.5.3.tgz#e1428095e124dea9277f45b68fa4f856a448a6d9"
  integrity sha512-fn2kNPz4BVEN/U05IzBQGPIfFlkjk0ekj8uKQaHAH/uBbATJDFmyxK0k36hv4kmzN8oFr8pe+C4zU5NJDBnfBQ==
